{
  "name": "angular",
  "version": "1.0.0",
  "lockfileVersion": 1,
  "dependencies": {
    "angular": {
      "version": "1.6.9",
      "resolved": "http://registry.npm.taobao.org/angular/download/angular-1.6.9.tgz",
      "integrity": "sha1-vIEpMuGJCQOEEtWUpZkPS7ZsBhk="
    },
    "angular-ui-grid": {
      "version": "4.2.4",
      "resolved": "http://registry.npm.taobao.org/angular-ui-grid/download/angular-ui-grid-4.2.4.tgz",
      "integrity": "sha1-+fnfaARhzME7irdLPe49G8Di3xc="
    },
    "angular-ui-router-styles": {
      "version": "0.0.6",
      "resolved": "http://registry.npm.taobao.org/angular-ui-router-styles/download/angular-ui-router-styles-0.0.6.tgz",
      "integrity": "sha1-UqjHTzYJDkDgQ8HfoIHvPV/jmWk="
    },
    "ansi-cyan": {
      "version": "0.1.1",
      "resolved": "http://registry.npm.taobao.org/ansi-cyan/download/ansi-cyan-0.1.1.tgz",
      "integrity": "sha1-U4rlKK+JgvKK4w2G8vF0VtJgmHM=",
      "dev": true
    },
    "ansi-red": {
      "version": "0.1.1",
      "resolved": "http://registry.npm.taobao.org/ansi-red/download/ansi-red-0.1.1.tgz",
      "integrity": "sha1-jGOPnRCAgAo1PJwoyKgcpHBdlGw=",
      "dev": true
    },
    "ansi-wrap": {
      "version": "0.1.0",
      "resolved": "http://registry.npm.taobao.org/ansi-wrap/download/ansi-wrap-0.1.0.tgz",
      "integrity": "sha1-qCJQ3bABXponyoLoLqYDu/pF768=",
      "dev": true
    },
    "argparse": {
      "version": "1.0.9",
      "resolved": "http://registry.npm.taobao.org/argparse/download/argparse-1.0.9.tgz",
      "integrity": "sha1-c9g7wmP4bpf4zE9rrhsOkKfSLIY=",
      "dev": true
    },
    "arr-diff": {
      "version": "1.1.0",
      "resolved": "http://registry.npm.taobao.org/arr-diff/download/arr-diff-1.1.0.tgz",
      "integrity": "sha1-aHwydYFjWI/vfeezb6vklesaOZo=",
      "dev": true
    },
    "arr-flatten": {
      "version": "1.1.0",
      "resolved": "http://registry.npm.taobao.org/arr-flatten/download/arr-flatten-1.1.0.tgz",
      "integrity": "sha1-NgSLv/TntH4TZkQxbJlmnqWukfE=",
      "dev": true
    },
    "arr-union": {
      "version": "2.1.0",
      "resolved": "http://registry.npm.taobao.org/arr-union/download/arr-union-2.1.0.tgz",
      "integrity": "sha1-IPnqtexw9cfSFbEHexw5Fh0pLH0=",
      "dev": true
    },
    "array-slice": {
      "version": "0.2.3",
      "resolved": "http://registry.npm.taobao.org/array-slice/download/array-slice-0.2.3.tgz",
      "integrity": "sha1-3Tz7gO15c6dRF82sabC5nshhhvU=",
      "dev": true
    },
    "clone": {
      "version": "2.1.1",
      "resolved": "http://registry.npm.taobao.org/clone/download/clone-2.1.1.tgz",
      "integrity": "sha1-0hfR6WERjjrJpLi7oyhVU79kfNs=",
      "dev": true
    },
    "clone-buffer": {
      "version": "1.0.0",
      "resolved": "http://registry.npm.taobao.org/clone-buffer/download/clone-buffer-1.0.0.tgz",
      "integrity": "sha1-4+JbIHrE5wGvch4staFnksrD3Fg=",
      "dev": true
    },
    "clone-stats": {
      "version": "1.0.0",
      "resolved": "http://registry.npm.taobao.org/clone-stats/download/clone-stats-1.0.0.tgz",
      "integrity": "sha1-s3gt/4u1R04Yuba/D9/ngvh3doA=",
      "dev": true
    },
    "cloneable-readable": {
      "version": "1.0.0",
      "resolved": "http://registry.npm.taobao.org/cloneable-readable/download/cloneable-readable-1.0.0.tgz",
      "integrity": "sha1-pikNQT8hemEjL5XkWP84QYz7ARc=",
      "dev": true,
      "dependencies": {
        "process-nextick-args": {
          "version": "1.0.7",
          "resolved": "http://registry.npm.taobao.org/process-nextick-args/download/process-nextick-args-1.0.7.tgz",
          "integrity": "sha1-FQ4gt1ZZCtP5EJPyWk8q2L/zC6M=",
          "dev": true
        }
      }
    },
    "core-util-is": {
      "version": "1.0.2",
      "resolved": "http://registry.npm.taobao.org/core-util-is/download/core-util-is-1.0.2.tgz",
      "integrity": "sha1-tf1UIgqivFq1eqtxQMlAdUUDwac=",
      "dev": true
    },
    "esprima": {
      "version": "4.0.0",
      "resolved": "http://registry.npm.taobao.org/esprima/download/esprima-4.0.0.tgz",
      "integrity": "sha1-RJnt3NERDgshi6zy+n9/WfVcqAQ=",
      "dev": true
    },
    "extend-shallow": {
      "version": "1.1.4",
      "resolved": "http://registry.npm.taobao.org/extend-shallow/download/extend-shallow-1.1.4.tgz",
      "integrity": "sha1-Gda/lN/AnXa6cR85uHLSH/TdkHE=",
      "dev": true
    },
    "gulp-ng-constant": {
      "version": "1.2.0",
      "resolved": "http://registry.npm.taobao.org/gulp-ng-constant/download/gulp-ng-constant-1.2.0.tgz",
      "integrity": "sha1-XftunOAvQyi8Jry2vUGggo4ADGo=",
      "dev": true
    },
    "inherits": {
      "version": "2.0.3",
      "resolved": "http://registry.npm.taobao.org/inherits/download/inherits-2.0.3.tgz",
      "integrity": "sha1-Yzwsg+PaQqUC9SRmAiSA9CCCYd4=",
      "dev": true
    },
    "isarray": {
      "version": "1.0.0",
      "resolved": "http://registry.npm.taobao.org/isarray/download/isarray-1.0.0.tgz",
      "integrity": "sha1-u5NdSFgsuhaMBoNJV6VKPgcSTxE=",
      "dev": true
    },
    "js-yaml": {
      "version": "3.10.0",
      "resolved": "http://registry.npm.taobao.org/js-yaml/download/js-yaml-3.10.0.tgz",
      "integrity": "sha1-LnhEFka9RoLpY/IrbpKCPDCcYtw=",
      "dev": true
    },
    "kind-of": {
      "version": "1.1.0",
      "resolved": "http://registry.npm.taobao.org/kind-of/download/kind-of-1.1.0.tgz",
      "integrity": "sha1-FAo9LUGjbS78+pN3tiwk+ElaXEQ=",
      "dev": true
    },
    "lodash": {
      "version": "4.17.5",
      "resolved": "http://registry.npm.taobao.org/lodash/download/lodash-4.17.5.tgz",
      "integrity": "sha1-maktZcAnLevoyWtgV7yPv6O+1RE=",
      "dev": true
    },
    "plugin-error": {
      "version": "0.1.2",
      "resolved": "http://registry.npm.taobao.org/plugin-error/download/plugin-error-0.1.2.tgz",
      "integrity": "sha1-O5uzM1zPAPQl4HQ34ZJ2ln2kes4=",
      "dev": true
    },
    "process-nextick-args": {
      "version": "2.0.0",
      "resolved": "http://registry.npm.taobao.org/process-nextick-args/download/process-nextick-args-2.0.0.tgz",
      "integrity": "sha1-o31zL0JxtKsa0HDTVQjoKQeI/6o=",
      "dev": true
    },
    "readable-stream": {
      "version": "2.3.4",
      "resolved": "http://registry.npm.taobao.org/readable-stream/download/readable-stream-2.3.4.tgz",
      "integrity": "sha1-yUbD9H+n2Oq8C2FQ9KEvaaRXQHE=",
      "dev": true
    },
    "remove-trailing-separator": {
      "version": "1.1.0",
      "resolved": "http://registry.npm.taobao.org/remove-trailing-separator/download/remove-trailing-separator-1.1.0.tgz",
      "integrity": "sha1-wkvOKig62tW8P1jg1IJJuSN52O8=",
      "dev": true
    },
    "replace-ext": {
      "version": "1.0.0",
      "resolved": "http://registry.npm.taobao.org/replace-ext/download/replace-ext-1.0.0.tgz",
      "integrity": "sha1-3mMSg3P8v3w8z6TeWkgMRaZ5WOs=",
      "dev": true
    },
    "safe-buffer": {
      "version": "5.1.1",
      "resolved": "http://registry.npm.taobao.org/safe-buffer/download/safe-buffer-5.1.1.tgz",
      "integrity": "sha1-iTMSr2myEj3vcfV4iQAWce6yyFM=",
      "dev": true
    },
    "sprintf-js": {
      "version": "1.0.3",
      "resolved": "http://registry.npm.taobao.org/sprintf-js/download/sprintf-js-1.0.3.tgz",
      "integrity": "sha1-BOaSb2YolTVPPdAVIDYzuFcpfiw=",
      "dev": true
    },
    "string_decoder": {
      "version": "1.0.3",
      "resolved": "http://registry.npm.taobao.org/string_decoder/download/string_decoder-1.0.3.tgz",
      "integrity": "sha1-D8Z9fBQYJd6UKC3VNr7GubzoYKs=",
      "dev": true
    },
    "through2": {
      "version": "2.0.3",
      "resolved": "http://registry.npm.taobao.org/through2/download/through2-2.0.3.tgz",
      "integrity": "sha1-AARWmzfHx0ujnEPzzteNGtlBQL4=",
      "dev": true
    },
    "util-deprecate": {
      "version": "1.0.2",
      "resolved": "http://registry.npm.taobao.org/util-deprecate/download/util-deprecate-1.0.2.tgz",
      "integrity": "sha1-RQ1Nyfpw3nMnYvvS1KKJgUGaDM8=",
      "dev": true
    },
    "vinyl": {
      "version": "2.1.0",
      "resolved": "http://registry.npm.taobao.org/vinyl/download/vinyl-2.1.0.tgz",
      "integrity": "sha1-Ah+cLPlR1rk5lDyJ617lrdT9kkw=",
      "dev": true
    },
    "xtend": {
      "version": "4.0.1",
      "resolved": "http://registry.npm.taobao.org/xtend/download/xtend-4.0.1.tgz",
      "integrity": "sha1-pcbVMr5lbiPbgg77lDofBJmNY68=",
      "dev": true
    }
  }
}
